
Microsoft Visual Studio Solution File, Format Version 12.00
# Visual Studio Version 16
VisualStudioVersion = 16.0.29519.181
MinimumVisualStudioVersion = 10.0.40219.1
Project("{9A19103F-16F7-4668-BE54-9A1E7A4F7556}") = "SqlTools", "SqlTools\SqlTools.csproj", "{CC7E576C-F4DE-471C-B1D0-AE2A41EA5249}"
EndProject
Project("{FAE04EC0-301F-11D3-BF4B-00C04F79EFBC}") = "SqlTools.Tests", "..\test\SqlTools.Tests\SqlTools.Tests.csproj", "{7E111A87-D9FA-4464-87E2-89C1BF2EBAE8}"
EndProject
Global
	GlobalSection(SolutionConfigurationPlatforms) = preSolution
		Debug|Any CPU = Debug|Any CPU
		Release|Any CPU = Release|Any CPU
	EndGlobalSection
	GlobalSection(ProjectConfigurationPlatforms) = postSolution
		{CC7E576C-F4DE-471C-B1D0-AE2A41EA5249}.Debug|Any CPU.ActiveCfg = Debug|Any CPU
		{CC7E576C-F4DE-471C-B1D0-AE2A41EA5249}.Debug|Any CPU.Build.0 = Debug|Any CPU
		{CC7E576C-F4DE-471C-B1D0-AE2A41EA5249}.Release|Any CPU.ActiveCfg = Release|Any CPU
		{CC7E576C-F4DE-471C-B1D0-AE2A41EA5249}.Release|Any CPU.Build.0 = Release|Any CPU
		{7E111A87-D9FA-4464-87E2-89C1BF2EBAE8}.Debug|Any CPU.ActiveCfg = Debug|Any CPU
		{7E111A87-D9FA-4464-87E2-89C1BF2EBAE8}.Debug|Any CPU.Build.0 = Debug|Any CPU
		{7E111A87-D9FA-4464-87E2-89C1BF2EBAE8}.Release|Any CPU.ActiveCfg = Release|Any CPU
		{7E111A87-D9FA-4464-87E2-89C1BF2EBAE8}.Release|Any CPU.Build.0 = Release|Any CPU
	EndGlobalSection
	GlobalSection(SolutionProperties) = preSolution
		HideSolutionNode = FALSE
	EndGlobalSection
	GlobalSection(ExtensibilityGlobals) = postSolution
		SolutionGuid = {19C3C52B-83B6-4916-A180-7B2C756A5DBF}
	EndGlobalSection
EndGlobal
